// !$*UTF8*$!
{
	archiveVersion = 1;
	classes = {
	};
	objectVersion = 46;
	objects = {

/* Begin PBXBuildFile section */
		934736F61E2D60950064288B /* AppDelegate.swift in Sources */ = {isa = PBXBuildFile; fileRef = 934736F51E2D60950064288B /* AppDelegate.swift */; };
		934736F81E2D60950064288B /* MainVC.swift in Sources */ = {isa = PBXBuildFile; fileRef = 934736F71E2D60950064288B /* MainVC.swift */; };
		934736FB1E2D60960064288B /* Main.storyboard in Resources */ = {isa = PBXBuildFile; fileRef = 934736F91E2D60960064288B /* Main.storyboard */; };
		934736FD1E2D60970064288B /* Assets.xcassets in Resources */ = {isa = PBXBuildFile; fileRef = 934736FC1E2D60970064288B /* Assets.xcassets */; };
		934737001E2D60970064288B /* LaunchScreen.storyboard in Resources */ = {isa = PBXBuildFile; fileRef = 934736FE1E2D60970064288B /* LaunchScreen.storyboard */; };
		9347370B1E2D60980064288B /* TacoPOPTests.swift in Sources */ = {isa = PBXBuildFile; fileRef = 9347370A1E2D60980064288B /* TacoPOPTests.swift */; };
		9347371C1E2D64770064288B /* DropShadow.swift in Sources */ = {isa = PBXBuildFile; fileRef = 9347371B1E2D64770064288B /* DropShadow.swift */; };
		9347371E1E2D67B80064288B /* HeaderView.swift in Sources */ = {isa = PBXBuildFile; fileRef = 9347371D1E2D67B80064288B /* HeaderView.swift */; };
		934737201E2D6B660064288B /* Taco.swift in Sources */ = {isa = PBXBuildFile; fileRef = 9347371F1E2D6B660064288B /* Taco.swift */; };
		934737221E2D70B90064288B /* DataService.swift in Sources */ = {isa = PBXBuildFile; fileRef = 934737211E2D70B90064288B /* DataService.swift */; };
		934737271E2D74DB0064288B /* TacoCell.swift in Sources */ = {isa = PBXBuildFile; fileRef = 934737251E2D74DB0064288B /* TacoCell.swift */; };
		934737281E2D74DB0064288B /* TacoCell.xib in Resources */ = {isa = PBXBuildFile; fileRef = 934737261E2D74DB0064288B /* TacoCell.xib */; };
		9347372A1E2D857B0064288B /* ReusableView.swift in Sources */ = {isa = PBXBuildFile; fileRef = 934737291E2D857B0064288B /* ReusableView.swift */; };
		9347372C1E2D86470064288B /* NibLoadableView.swift in Sources */ = {isa = PBXBuildFile; fileRef = 9347372B1E2D86470064288B /* NibLoadableView.swift */; };
		9347372E1E2D87610064288B /* UICollectionView+Ext.swift in Sources */ = {isa = PBXBuildFile; fileRef = 9347372D1E2D87610064288B /* UICollectionView+Ext.swift */; };
		934737301E2E61260064288B /* MutableCollection+Ext.swift in Sources */ = {isa = PBXBuildFile; fileRef = 9347372F1E2E61260064288B /* MutableCollection+Ext.swift */; };
		934737321E2E631C0064288B /* Shakeable.swift in Sources */ = {isa = PBXBuildFile; fileRef = 934737311E2E631C0064288B /* Shakeable.swift */; };
/* End PBXBuildFile section */

/* Begin PBXContainerItemProxy section */
		934737071E2D60980064288B /* PBXContainerItemProxy */ = {
			isa = PBXContainerItemProxy;
			containerPortal = 934736EA1E2D60930064288B /* Project object */;
			proxyType = 1;
			remoteGlobalIDString = 934736F11E2D60950064288B;
			remoteInfo = TacoPOP;
		};
/* End PBXContainerItemProxy section */

/* Begin PBXFileReference section */
		934736F21E2D60950064288B /* TacoPOP.app */ = {isa = PBXFileReference; explicitFileType = wrapper.application; includeInIndex = 0; path = TacoPOP.app; sourceTree = BUILT_PRODUCTS_DIR; };
		934736F51E2D60950064288B /* AppDelegate.swift */ = {isa = PBXFileReference; lastKnownFileType = sourcecode.swift; path = AppDelegate.swift; sourceTree = "<group>"; };
		934736F71E2D60950064288B /* MainVC.swift */ = {isa = PBXFileReference; lastKnownFileType = sourcecode.swift; path = MainVC.swift; sourceTree = "<group>"; };
		934736FA1E2D60960064288B /* Base */ = {isa = PBXFileReference; lastKnownFileType = file.storyboard; name = Base; path = Base.lproj/Main.storyboard; sourceTree = "<group>"; };
		934736FC1E2D60970064288B /* Assets.xcassets */ = {isa = PBXFileReference; lastKnownFileType = folder.assetcatalog; path = Assets.xcassets; sourceTree = "<group>"; };
		934736FF1E2D60970064288B /* Base */ = {isa = PBXFileReference; lastKnownFileType = file.storyboard; name = Base; path = Base.lproj/LaunchScreen.storyboard; sourceTree = "<group>"; };
		934737011E2D60970064288B /* Info.plist */ = {isa = PBXFileReference; lastKnownFileType = text.plist.xml; path = Info.plist; sourceTree = "<group>"; };
		934737061E2D60980064288B /* TacoPOPTests.xctest */ = {isa = PBXFileReference; explicitFileType = wrapper.cfbundle; includeInIndex = 0; path = TacoPOPTests.xctest; sourceTree = BUILT_PRODUCTS_DIR; };
		9347370A1E2D60980064288B /* TacoPOPTests.swift */ = {isa = PBXFileReference; lastKnownFileType = sourcecode.swift; path = TacoPOPTests.swift; sourceTree = "<group>"; };
		9347370C1E2D60990064288B /* Info.plist */ = {isa = PBXFileReference; lastKnownFileType = text.plist.xml; path = Info.plist; sourceTree = "<group>"; };
		9347371B1E2D64770064288B /* DropShadow.swift */ = {isa = PBXFileReference; fileEncoding = 4; lastKnownFileType = sourcecode.swift; path = DropShadow.swift; sourceTree = "<group>"; };
		9347371D1E2D67B80064288B /* HeaderView.swift */ = {isa = PBXFileReference; fileEncoding = 4; lastKnownFileType = sourcecode.swift; path = HeaderView.swift; sourceTree = "<group>"; };
		9347371F1E2D6B660064288B /* Taco.swift */ = {isa = PBXFileReference; fileEncoding = 4; lastKnownFileType = sourcecode.swift; path = Taco.swift; sourceTree = "<group>"; };
		934737211E2D70B90064288B /* DataService.swift */ = {isa = PBXFileReference; fileEncoding = 4; lastKnownFileType = sourcecode.swift; path = DataService.swift; sourceTree = "<group>"; };
		934737251E2D74DB0064288B /* TacoCell.swift */ = {isa = PBXFileReference; fileEncoding = 4; lastKnownFileType = sourcecode.swift; path = TacoCell.swift; sourceTree = "<group>"; };
		934737261E2D74DB0064288B /* TacoCell.xib */ = {isa = PBXFileReference; fileEncoding = 4; lastKnownFileType = file.xib; path = TacoCell.xib; sourceTree = "<group>"; };
		934737291E2D857B0064288B /* ReusableView.swift */ = {isa = PBXFileReference; fileEncoding = 4; lastKnownFileType = sourcecode.swift; path = ReusableView.swift; sourceTree = "<group>"; };
		9347372B1E2D86470064288B /* NibLoadableView.swift */ = {isa = PBXFileReference; fileEncoding = 4; lastKnownFileType = sourcecode.swift; path = NibLoadableView.swift; sourceTree = "<group>"; };
		9347372D1E2D87610064288B /* UICollectionView+Ext.swift */ = {isa = PBXFileReference; fileEncoding = 4; lastKnownFileType = sourcecode.swift; path = "UICollectionView+Ext.swift"; sourceTree = "<group>"; };
		9347372F1E2E61260064288B /* MutableCollection+Ext.swift */ = {isa = PBXFileReference; fileEncoding = 4; lastKnownFileType = sourcecode.swift; path = "MutableCollection+Ext.swift"; sourceTree = "<group>"; };
		934737311E2E631C0064288B /* Shakeable.swift */ = {isa = PBXFileReference; fileEncoding = 4; lastKnownFileType = sourcecode.swift; path = Shakeable.swift; sourceTree = "<group>"; };
/* End PBXFileReference section */

/* Begin PBXFrameworksBuildPhase section */
		934736EF1E2D60950064288B /* Frameworks */ = {
			isa = PBXFrameworksBuildPhase;
			buildActionMask = 2147483647;
			files = (
			);
			runOnlyForDeploymentPostprocessing = 0;
		};
		934737031E2D60970064288B /* Frameworks */ = {
			isa = PBXFrameworksBuildPhase;
			buildActionMask = 2147483647;
			files = (
			);
			runOnlyForDeploymentPostprocessing = 0;
		};
/* End PBXFrameworksBuildPhase section */

/* Begin PBXGroup section */
		934736E91E2D60930064288B = {
			isa = PBXGroup;
			children = (
				934736F41E2D60950064288B /* TacoPOP */,
				934737091E2D60980064288B /* TacoPOPTests */,
				934736F31E2D60950064288B /* Products */,
			);
			sourceTree = "<group>";
		};
		934736F31E2D60950064288B /* Products */ = {
			isa = PBXGroup;
			children = (
				934736F21E2D60950064288B /* TacoPOP.app */,
				934737061E2D60980064288B /* TacoPOPTests.xctest */,
			);
			name = Products;
			sourceTree = "<group>";
		};
		934736F41E2D60950064288B /* TacoPOP */ = {
			isa = PBXGroup;
			children = (
				9347371A1E2D61870064288B /* Extensions */,
				934737191E2D61770064288B /* Protocol */,
				934737171E2D615D0064288B /* Model */,
				934737161E2D61560064288B /* View */,
				934737151E2D614B0064288B /* Controller */,
				934737181E2D61630064288B /* Resources */,
				934736F51E2D60950064288B /* AppDelegate.swift */,
				934736F91E2D60960064288B /* Main.storyboard */,
				934736FE1E2D60970064288B /* LaunchScreen.storyboard */,
				934737011E2D60970064288B /* Info.plist */,
			);
			path = TacoPOP;
			sourceTree = "<group>";
		};
		934737091E2D60980064288B /* TacoPOPTests */ = {
			isa = PBXGroup;
			children = (
				9347370A1E2D60980064288B /* TacoPOPTests.swift */,
				9347370C1E2D60990064288B /* Info.plist */,
			);
			path = TacoPOPTests;
			sourceTree = "<group>";
		};
		934737151E2D614B0064288B /* Controller */ = {
			isa = PBXGroup;
			children = (
				934736F71E2D60950064288B /* MainVC.swift */,
			);
			name = Controller;
			sourceTree = "<group>";
		};
		934737161E2D61560064288B /* View */ = {
			isa = PBXGroup;
			children = (
				9347371D1E2D67B80064288B /* HeaderView.swift */,
				934737251E2D74DB0064288B /* TacoCell.swift */,
				934737261E2D74DB0064288B /* TacoCell.xib */,
			);
			name = View;
			sourceTree = "<group>";
		};
		934737171E2D615D0064288B /* Model */ = {
			isa = PBXGroup;
			children = (
				9347371F1E2D6B660064288B /* Taco.swift */,
				934737211E2D70B90064288B /* DataService.swift */,
			);
			name = Model;
			sourceTree = "<group>";
		};
		934737181E2D61630064288B /* Resources */ = {
			isa = PBXGroup;
			children = (
				934736FC1E2D60970064288B /* Assets.xcassets */,
			);
			name = Resources;
			sourceTree = "<group>";
		};
		934737191E2D61770064288B /* Protocol */ = {
			isa = PBXGroup;
			children = (
				9347371B1E2D64770064288B /* DropShadow.swift */,
				934737291E2D857B0064288B /* ReusableView.swift */,
				9347372B1E2D86470064288B /* NibLoadableView.swift */,
				934737311E2E631C0064288B /* Shakeable.swift */,
			);
			name = Protocol;
			sourceTree = "<group>";
		};
		9347371A1E2D61870064288B /* Extensions */ = {
			isa = PBXGroup;
			children = (
				9347372D1E2D87610064288B /* UICollectionView+Ext.swift */,
				9347372F1E2E61260064288B /* MutableCollection+Ext.swift */,
			);
			name = Extensions;
			sourceTree = "<group>";
		};
/* End PBXGroup section */

/* Begin PBXNativeTarget section */
		934736F11E2D60950064288B /* TacoPOP */ = {
			isa = PBXNativeTarget;
			buildConfigurationList = 9347370F1E2D60990064288B /* Build configuration list for PBXNativeTarget "TacoPOP" */;
			buildPhases = (
				934736EE1E2D60950064288B /* Sources */,
				934736EF1E2D60950064288B /* Frameworks */,
				934736F01E2D60950064288B /* Resources */,
			);
			buildRules = (
			);
			dependencies = (
			);
			name = TacoPOP;
			productName = TacoPOP;
			productReference = 934736F21E2D60950064288B /* TacoPOP.app */;
			productType = "com.apple.product-type.application";
		};
		934737051E2D60970064288B /* TacoPOPTests */ = {
			isa = PBXNativeTarget;
			buildConfigurationList = 934737121E2D60990064288B /* Build configuration list for PBXNativeTarget "TacoPOPTests" */;
			buildPhases = (
				934737021E2D60970064288B /* Sources */,
				934737031E2D60970064288B /* Frameworks */,
				934737041E2D60970064288B /* Resources */,
			);
			buildRules = (
			);
			dependencies = (
				934737081E2D60980064288B /* PBXTargetDependency */,
			);
			name = TacoPOPTests;
			productName = TacoPOPTests;
			productReference = 934737061E2D60980064288B /* TacoPOPTests.xctest */;
			productType = "com.apple.product-type.bundle.unit-test";
		};
/* End PBXNativeTarget section */

/* Begin PBXProject section */
		934736EA1E2D60930064288B /* Project object */ = {
			isa = PBXProject;
			attributes = {
				LastSwiftUpdateCheck = 0820;
				LastUpgradeCheck = 0820;
				ORGANIZATIONNAME = YauheniIvaniuk;
				TargetAttributes = {
					934736F11E2D60950064288B = {
						CreatedOnToolsVersion = 8.2;
						DevelopmentTeam = P2GURVV2B3;
						ProvisioningStyle = Automatic;
					};
					934737051E2D60970064288B = {
						CreatedOnToolsVersion = 8.2;
						DevelopmentTeam = P2GURVV2B3;
						ProvisioningStyle = Automatic;
						TestTargetID = 934736F11E2D60950064288B;
					};
				};
			};
			buildConfigurationList = 934736ED1E2D60930064288B /* Build configuration list for PBXProject "TacoPOP" */;
			compatibilityVersion = "Xcode 3.2";
			developmentRegion = English;
			hasScannedForEncodings = 0;
			knownRegions = (
				en,
				Base,
			);
			mainGroup = 934736E91E2D60930064288B;
			productRefGroup = 934736F31E2D60950064288B /* Products */;
			projectDirPath = "";
			projectRoot = "";
			targets = (
				934736F11E2D60950064288B /* TacoPOP */,
				934737051E2D60970064288B /* TacoPOPTests */,
			);
		};
/* End PBXProject section */

/* Begin PBXResourcesBuildPhase section */
		934736F01E2D60950064288B /* Resources */ = {
			isa = PBXResourcesBuildPhase;
			buildActionMask = 2147483647;
			files = (
				934737281E2D74DB0064288B /* TacoCell.xib in Resources */,
				934737001E2D60970064288B /* LaunchScreen.storyboard in Resources */,
				934736FD1E2D60970064288B /* Assets.xcassets in Resources */,
				934736FB1E2D60960064288B /* Main.storyboard in Resources */,
			);
			runOnlyForDeploymentPostprocessing = 0;
		};
		934737041E2D60970064288B /* Resources */ = {
			isa = PBXResourcesBuildPhase;
			buildActionMask = 2147483647;
			files = (
			);
			runOnlyForDeploymentPostprocessing = 0;
		};
/* End PBXResourcesBuildPhase section */

/* Begin PBXSourcesBuildPhase section */
		934736EE1E2D60950064288B /* Sources */ = {
			isa = PBXSourcesBuildPhase;
			buildActionMask = 2147483647;
			files = (
				934737271E2D74DB0064288B /* TacoCell.swift in Sources */,
				934737301E2E61260064288B /* MutableCollection+Ext.swift in Sources */,
				934736F81E2D60950064288B /* MainVC.swift in Sources */,
				9347371C1E2D64770064288B /* DropShadow.swift in Sources */,
				9347372C1E2D86470064288B /* NibLoadableView.swift in Sources */,
				9347372E1E2D87610064288B /* UICollectionView+Ext.swift in Sources */,
				9347372A1E2D857B0064288B /* ReusableView.swift in Sources */,
				934736F61E2D60950064288B /* AppDelegate.swift in Sources */,
				934737221E2D70B90064288B /* DataService.swift in Sources */,
				934737201E2D6B660064288B /* Taco.swift in Sources */,
				934737321E2E631C0064288B /* Shakeable.swift in Sources */,
				9347371E1E2D67B80064288B /* HeaderView.swift in Sources */,
			);
			runOnlyForDeploymentPostprocessing = 0;
		};
		934737021E2D60970064288B /* Sources */ = {
			isa = PBXSourcesBuildPhase;
			buildActionMask = 2147483647;
			files = (
				9347370B1E2D60980064288B /* TacoPOPTests.swift in Sources */,
			);
			runOnlyForDeploymentPostprocessing = 0;
		};
/* End PBXSourcesBuildPhase section */

/* Begin PBXTargetDependency section */
		934737081E2D60980064288B /* PBXTargetDependency */ = {
			isa = PBXTargetDependency;
			target = 934736F11E2D60950064288B /* TacoPOP */;
			targetProxy = 934737071E2D60980064288B /* PBXContainerItemProxy */;
		};
/* End PBXTargetDependency section */

/* Begin PBXVariantGroup section */
		934736F91E2D60960064288B /* Main.storyboard */ = {
			isa = PBXVariantGroup;
			children = (
				934736FA1E2D60960064288B /* Base */,
			);
			name = Main.storyboard;
			sourceTree = "<group>";
		};
		934736FE1E2D60970064288B /* LaunchScreen.storyboard */ = {
			isa = PBXVariantGroup;
			children = (
				934736FF1E2D60970064288B /* Base */,
			);
			name = LaunchScreen.storyboard;
			sourceTree = "<group>";
		};
/* End PBXVariantGroup section */

/* Begin XCBuildConfiguration section */
		9347370D1E2D60990064288B /* Debug */ = {
			isa = XCBuildConfiguration;
			buildSettings = {
				ALWAYS_SEARCH_USER_PATHS = NO;
				CLANG_ANALYZER_NONNULL = YES;
				CLANG_CXX_LANGUAGE_STANDARD = "gnu++0x";
				CLANG_CXX_LIBRARY = "libc++";
				CLANG_ENABLE_MODULES = YES;
				CLANG_ENABLE_OBJC_ARC = YES;
				CLANG_WARN_BOOL_CONVERSION = YES;
				CLANG_WARN_CONSTANT_CONVERSION = YES;
				CLANG_WARN_DIRECT_OBJC_ISA_USAGE = YES_ERROR;
				CLANG_WARN_DOCUMENTATION_COMMENTS = YES;
				CLANG_WARN_EMPTY_BODY = YES;
				CLANG_WARN_ENUM_CONVERSION = YES;
				CLANG_WARN_INFINITE_RECURSION = YES;
				CLANG_WARN_INT_CONVERSION = YES;
				CLANG_WARN_OBJC_ROOT_CLASS = YES_ERROR;
				CLANG_WARN_SUSPICIOUS_MOVE = YES;
				CLANG_WARN_UNREACHABLE_CODE = YES;
				CLANG_WARN__DUPLICATE_METHOD_MATCH = YES;
				"CODE_SIGN_IDENTITY[sdk=iphoneos*]" = "iPhone Developer";
				COPY_PHASE_STRIP = NO;
				DEBUG_INFORMATION_FORMAT = dwarf;
				ENABLE_STRICT_OBJC_MSGSEND = YES;
				ENABLE_TESTABILITY = YES;
				GCC_C_LANGUAGE_STANDARD = gnu99;
				GCC_DYNAMIC_NO_PIC = NO;
				GCC_NO_COMMON_BLOCKS = YES;
				GCC_OPTIMIZATION_LEVEL = 0;
				GCC_PREPROCESSOR_DEFINITIONS = (
					"DEBUG=1",
					"$(inherited)",
				);
				GCC_WARN_64_TO_32_BIT_CONVERSION = YES;
				GCC_WARN_ABOUT_RETURN_TYPE = YES_ERROR;
				GCC_WARN_UNDECLARED_SELECTOR = YES;
				GCC_WARN_UNINITIALIZED_AUTOS = YES_AGGRESSIVE;
				GCC_WARN_UNUSED_FUNCTION = YES;
				GCC_WARN_UNUSED_VARIABLE = YES;
				IPHONEOS_DEPLOYMENT_TARGET = 10.2;
				MTL_ENABLE_DEBUG_INFO = YES;
				ONLY_ACTIVE_ARCH = YES;
				SDKROOT = iphoneos;
				SWIFT_ACTIVE_COMPILATION_CONDITIONS = DEBUG;
				SWIFT_OPTIMIZATION_LEVEL = "-Onone";
				TARGETED_DEVICE_FAMILY = "1,2";
			};
			name = Debug;
		};
		9347370E1E2D60990064288B /* Release */ = {
			isa = XCBuildConfiguration;
			buildSettings = {
				ALWAYS_SEARCH_USER_PATHS = NO;
				CLANG_ANALYZER_NONNULL = YES;
				CLANG_CXX_LANGUAGE_STANDARD = "gnu++0x";
				CLANG_CXX_LIBRARY = "libc++";
				CLANG_ENABLE_MODULES = YES;
				CLANG_ENABLE_OBJC_ARC = YES;
				CLANG_WARN_BOOL_CONVERSION = YES;
				CLANG_WARN_CONSTANT_CONVERSION = YES;
				CLANG_WARN_DIRECT_OBJC_ISA_USAGE = YES_ERROR;
				CLANG_WARN_DOCUMENTATION_COMMENTS = YES;
				CLANG_WARN_EMPTY_BODY = YES;
				CLANG_WARN_ENUM_CONVERSION = YES;
				CLANG_WARN_INFINITE_RECURSION = YES;
				CLANG_WARN_INT_CONVERSION = YES;
				CLANG_WARN_OBJC_ROOT_CLASS = YES_ERROR;
				CLANG_WARN_SUSPICIOUS_MOVE = YES;
				CLANG_WARN_UNREACHABLE_CODE = YES;
				CLANG_WARN__DUPLICATE_METHOD_MATCH = YES;
				"CODE_SIGN_IDENTITY[sdk=iphoneos*]" = "iPhone Developer";
				COPY_PHASE_STRIP = NO;
				DEBUG_INFORMATION_FORMAT = "dwarf-with-dsym";
				ENABLE_NS_ASSERTIONS = NO;
				ENABLE_STRICT_OBJC_MSGSEND = YES;
				GCC_C_LANGUAGE_STANDARD = gnu99;
				GCC_NO_COMMON_BLOCKS = YES;
				GCC_WARN_64_TO_32_BIT_CONVERSION = YES;
				GCC_WARN_ABOUT_RETURN_TYPE = YES_ERROR;
				GCC_WARN_UNDECLARED_SELECTOR = YES;
				GCC_WARN_UNINITIALIZED_AUTOS = YES_AGGRESSIVE;
				GCC_WARN_UNUSED_FUNCTION = YES;
				GCC_WARN_UNUSED_VARIABLE = YES;
				IPHONEOS_DEPLOYMENT_TARGET = 10.2;
				MTL_ENABLE_DEBUG_INFO = NO;
				SDKROOT = iphoneos;
				SWIFT_OPTIMIZATION_LEVEL = "-Owholemodule";
				TARGETED_DEVICE_FAMILY = "1,2";
				VALIDATE_PRODUCT = YES;
			};
			name = Release;
		};
		934737101E2D60990064288B /* Debug */ = {
			isa = XCBuildConfiguration;
			buildSettings = {
				ASSETCATALOG_COMPILER_APPICON_NAME = AppIcon;
				DEVELOPMENT_TEAM = P2GURVV2B3;
				INFOPLIST_FILE = TacoPOP/Info.plist;
				LD_RUNPATH_SEARCH_PATHS = "$(inherited) @executable_path/Frameworks";
				PRODUCT_BUNDLE_IDENTIFIER = com.YauheniIvaniuk.TacoPOP;
				PRODUCT_NAME = "$(TARGET_NAME)";
				SWIFT_VERSION = 3.0;
			};
			name = Debug;
		};
		934737111E2D60990064288B /* Release */ = {
			isa = XCBuildConfiguration;
			buildSettings = {
				ASSETCATALOG_COMPILER_APPICON_NAME = AppIcon;
				DEVELOPMENT_TEAM = P2GURVV2B3;
				INFOPLIST_FILE = TacoPOP/Info.plist;
				LD_RUNPATH_SEARCH_PATHS = "$(inherited) @executable_path/Frameworks";
				PRODUCT_BUNDLE_IDENTIFIER = com.YauheniIvaniuk.TacoPOP;
				PRODUCT_NAME = "$(TARGET_NAME)";
				SWIFT_VERSION = 3.0;
			};
			name = Release;
		};
		934737131E2D60990064288B /* Debug */ = {
			isa = XCBuildConfiguration;
			buildSettings = {
				ALWAYS_EMBED_SWIFT_STANDARD_LIBRARIES = YES;
				BUNDLE_LOADER = "$(TEST_HOST)";
				DEVELOPMENT_TEAM = P2GURVV2B3;
				INFOPLIST_FILE = TacoPOPTests/Info.plist;
				LD_RUNPATH_SEARCH_PATHS = "$(inherited) @executable_path/Frameworks @loader_path/Frameworks";
				PRODUCT_BUNDLE_IDENTIFIER = com.YauheniIvaniuk.TacoPOPTests;
				PRODUCT_NAME = "$(TARGET_NAME)";
				SWIFT_VERSION = 3.0;
				TEST_HOST = "$(BUILT_PRODUCTS_DIR)/TacoPOP.app/TacoPOP";
			};
			name = Debug;
		};
		934737141E2D60990064288B /* Release */ = {
			isa = XCBuildConfiguration;
			buildSettings = {
				ALWAYS_EMBED_SWIFT_STANDARD_LIBRARIES = YES;
				BUNDLE_LOADER = "$(TEST_HOST)";
				DEVELOPMENT_TEAM = P2GURVV2B3;
				INFOPLIST_FILE = TacoPOPTests/Info.plist;
				LD_RUNPATH_SEARCH_PATHS = "$(inherited) @executable_path/Frameworks @loader_path/Frameworks";
				PRODUCT_BUNDLE_IDENTIFIER = com.YauheniIvaniuk.TacoPOPTests;
				PRODUCT_NAME = "$(TARGET_NAME)";
				SWIFT_VERSION = 3.0;
				TEST_HOST = "$(BUILT_PRODUCTS_DIR)/TacoPOP.app/TacoPOP";
			};
			name = Release;
		};
/* End XCBuildConfiguration section */

/* Begin XCConfigurationList section */
		934736ED1E2D60930064288B /* Build configuration list for PBXProject "TacoPOP" */ = {
			isa = XCConfigurationList;
			buildConfigurations = (
				9347370D1E2D60990064288B /* Debug */,
				9347370E1E2D60990064288B /* Release */,
			);
			defaultConfigurationIsVisible = 0;
			defaultConfigurationName = Release;
		};
		9347370F1E2D60990064288B /* Build configuration list for PBXNativeTarget "TacoPOP" */ = {
			isa = XCConfigurationList;
			buildConfigurations = (
				934737101E2D60990064288B /* Debug */,
				934737111E2D60990064288B /* Release */,
			);
			defaultConfigurationIsVisible = 0;
			defaultConfigurationName = Release;
		};
		934737121E2D60990064288B /* Build configuration list for PBXNativeTarget "TacoPOPTests" */ = {
			isa = XCConfigurationList;
			buildConfigurations = (
				934737131E2D60990064288B /* Debug */,
				934737141E2D60990064288B /* Release */,
			);
			defaultConfigurationIsVisible = 0;
			defaultConfigurationName = Release;
		};
/* End XCConfigurationList section */
	};
	rootObject = 934736EA1E2D60930064288B /* Project object */;
}
